// !$*UTF8*$!
{
	archiveVersion = 1;
	classes = {
	};
	objectVersion = 77;
	objects = {

/* Begin PBXBuildFile section */
		FB15E0DD2D8C5BD4004D7F02 /* ButtonGirlCoding.swift in Sources */ = {isa = PBXBuildFile; fileRef = FB15E0DC2D8C5AB8004D7F02 /* ButtonGirlCoding.swift */; };
		FB15E0DF2D8C6644004D7F02 /* CustomButton.swift in Sources */ = {isa = PBXBuildFile; fileRef = FB15E0DE2D8C6644004D7F02 /* CustomButton.swift */; };
		FB15E0E12D8C79B7004D7F02 /* JobsCard.swift in Sources */ = {isa = PBXBuildFile; fileRef = FB15E0E02D8C79B7004D7F02 /* JobsCard.swift */; };
		FB15E0E32D8C8011004D7F02 /* TimCookCard.swift in Sources */ = {isa = PBXBuildFile; fileRef = FB15E0E22D8C8011004D7F02 /* TimCookCard.swift */; };
		FB15E0E52D8C8049004D7F02 /* SectionScrollView.swift in Sources */ = {isa = PBXBuildFile; fileRef = FB15E0E42D8C8049004D7F02 /* SectionScrollView.swift */; };
		FB15E0E72D8D103F004D7F02 /* ComponentsView1.swift in Sources */ = {isa = PBXBuildFile; fileRef = FB15E0E62D8D103F004D7F02 /* ComponentsView1.swift */; };
		FB15E0E92D8D2972004D7F02 /* pokemons.json in Resources */ = {isa = PBXBuildFile; fileRef = FB15E0E82D8D2972004D7F02 /* pokemons.json */; };
		FB15E0EB2D8D29AD004D7F02 /* Model.swift in Sources */ = {isa = PBXBuildFile; fileRef = FB15E0EA2D8D29AD004D7F02 /* Model.swift */; };
		FB15E0EE2D8D2A8E004D7F02 /* PokemonListView.swift in Sources */ = {isa = PBXBuildFile; fileRef = FB15E0ED2D8D2A8E004D7F02 /* PokemonListView.swift */; };
		FB15E0F02D8D2C6B004D7F02 /* PokemonCell.swift in Sources */ = {isa = PBXBuildFile; fileRef = FB15E0EF2D8D2C6B004D7F02 /* PokemonCell.swift */; };
		FB15E0F22D8D2DA1004D7F02 /* PokemonAvatar.swift in Sources */ = {isa = PBXBuildFile; fileRef = FB15E0F12D8D2DA1004D7F02 /* PokemonAvatar.swift */; };
		FB585BE02D88CD3D00685A76 /* ContentView.swift in Sources */ = {isa = PBXBuildFile; fileRef = FB585BDD2D88CD3D00685A76 /* ContentView.swift */; };
		FB585BE12D88CD3D00685A76 /* FirstAppSwiftUIApp.swift in Sources */ = {isa = PBXBuildFile; fileRef = FB585BDE2D88CD3D00685A76 /* FirstAppSwiftUIApp.swift */; };
		FB585BE22D88CD3D00685A76 /* Preview Assets.xcassets in Resources */ = {isa = PBXBuildFile; fileRef = FB585BDA2D88CD3D00685A76 /* Preview Assets.xcassets */; };
		FB585BE32D88CD3D00685A76 /* Assets.xcassets in Resources */ = {isa = PBXBuildFile; fileRef = FB585BDC2D88CD3D00685A76 /* Assets.xcassets */; };
		FB585BE52D89FA4700685A76 /* TextsView.swift in Sources */ = {isa = PBXBuildFile; fileRef = FB585BE42D89FA4700685A76 /* TextsView.swift */; };
		FBAE08762D8B11DB00568BF6 /* GameOfSquids.ttf in Resources */ = {isa = PBXBuildFile; fileRef = FBAE08752D8B11DA00568BF6 /* GameOfSquids.ttf */; };
		FBAE08782D8B122800568BF6 /* Fonts.swift in Sources */ = {isa = PBXBuildFile; fileRef = FBAE08772D8B122800568BF6 /* Fonts.swift */; };
		FBAE087A2D8B1C1900568BF6 /* ButtonsViews.swift in Sources */ = {isa = PBXBuildFile; fileRef = FBAE08792D8B1C1900568BF6 /* ButtonsViews.swift */; };
/* End PBXBuildFile section */

/* Begin PBXFileReference section */
		FB15E0DC2D8C5AB8004D7F02 /* ButtonGirlCoding.swift */ = {isa = PBXFileReference; lastKnownFileType = sourcecode.swift; path = ButtonGirlCoding.swift; sourceTree = "<group>"; };
		FB15E0DE2D8C6644004D7F02 /* CustomButton.swift */ = {isa = PBXFileReference; lastKnownFileType = sourcecode.swift; path = CustomButton.swift; sourceTree = "<group>"; };
		FB15E0E02D8C79B7004D7F02 /* JobsCard.swift */ = {isa = PBXFileReference; lastKnownFileType = sourcecode.swift; path = JobsCard.swift; sourceTree = "<group>"; };
		FB15E0E22D8C8011004D7F02 /* TimCookCard.swift */ = {isa = PBXFileReference; lastKnownFileType = sourcecode.swift; path = TimCookCard.swift; sourceTree = "<group>"; };
		FB15E0E42D8C8049004D7F02 /* SectionScrollView.swift */ = {isa = PBXFileReference; lastKnownFileType = sourcecode.swift; path = SectionScrollView.swift; sourceTree = "<group>"; };
		FB15E0E62D8D103F004D7F02 /* ComponentsView1.swift */ = {isa = PBXFileReference; lastKnownFileType = sourcecode.swift; path = ComponentsView1.swift; sourceTree = "<group>"; };
		FB15E0E82D8D2972004D7F02 /* pokemons.json */ = {isa = PBXFileReference; lastKnownFileType = text.json; path = pokemons.json; sourceTree = "<group>"; };
		FB15E0EA2D8D29AD004D7F02 /* Model.swift */ = {isa = PBXFileReference; lastKnownFileType = sourcecode.swift; path = Model.swift; sourceTree = "<group>"; };
		FB15E0ED2D8D2A8E004D7F02 /* PokemonListView.swift */ = {isa = PBXFileReference; lastKnownFileType = sourcecode.swift; path = PokemonListView.swift; sourceTree = "<group>"; };
		FB15E0EF2D8D2C6B004D7F02 /* PokemonCell.swift */ = {isa = PBXFileReference; lastKnownFileType = sourcecode.swift; path = PokemonCell.swift; sourceTree = "<group>"; };
		FB15E0F12D8D2DA1004D7F02 /* PokemonAvatar.swift */ = {isa = PBXFileReference; lastKnownFileType = sourcecode.swift; path = PokemonAvatar.swift; sourceTree = "<group>"; };
		FB585BC92D88CCFE00685A76 /* FirstAppSwiftUI.app */ = {isa = PBXFileReference; explicitFileType = wrapper.application; includeInIndex = 0; path = FirstAppSwiftUI.app; sourceTree = BUILT_PRODUCTS_DIR; };
		FB585BDA2D88CD3D00685A76 /* Preview Assets.xcassets */ = {isa = PBXFileReference; lastKnownFileType = folder.assetcatalog; path = "Preview Assets.xcassets"; sourceTree = "<group>"; };
		FB585BDC2D88CD3D00685A76 /* Assets.xcassets */ = {isa = PBXFileReference; lastKnownFileType = folder.assetcatalog; path = Assets.xcassets; sourceTree = "<group>"; };
		FB585BDD2D88CD3D00685A76 /* ContentView.swift */ = {isa = PBXFileReference; lastKnownFileType = sourcecode.swift; path = ContentView.swift; sourceTree = "<group>"; };
		FB585BDE2D88CD3D00685A76 /* FirstAppSwiftUIApp.swift */ = {isa = PBXFileReference; lastKnownFileType = sourcecode.swift; path = FirstAppSwiftUIApp.swift; sourceTree = "<group>"; };
		FB585BE42D89FA4700685A76 /* TextsView.swift */ = {isa = PBXFileReference; lastKnownFileType = sourcecode.swift; path = TextsView.swift; sourceTree = "<group>"; };
		FBAE08742D8B0EC500568BF6 /* Info.plist */ = {isa = PBXFileReference; lastKnownFileType = text.plist; path = Info.plist; sourceTree = "<group>"; };
		FBAE08752D8B11DA00568BF6 /* GameOfSquids.ttf */ = {isa = PBXFileReference; lastKnownFileType = file; path = GameOfSquids.ttf; sourceTree = "<group>"; };
		FBAE08772D8B122800568BF6 /* Fonts.swift */ = {isa = PBXFileReference; lastKnownFileType = sourcecode.swift; path = Fonts.swift; sourceTree = "<group>"; };
		FBAE08792D8B1C1900568BF6 /* ButtonsViews.swift */ = {isa = PBXFileReference; lastKnownFileType = sourcecode.swift; path = ButtonsViews.swift; sourceTree = "<group>"; };
/* End PBXFileReference section */

/* Begin PBXFrameworksBuildPhase section */
		FB585BC62D88CCFE00685A76 /* Frameworks */ = {
			isa = PBXFrameworksBuildPhase;
			buildActionMask = 2147483647;
			files = (
			);
			runOnlyForDeploymentPostprocessing = 0;
		};
/* End PBXFrameworksBuildPhase section */

/* Begin PBXGroup section */
		FB15E0EC2D8D29C1004D7F02 /* Pokedex */ = {
			isa = PBXGroup;
			children = (
				FB15E0EF2D8D2C6B004D7F02 /* PokemonCell.swift */,
				FB15E0EA2D8D29AD004D7F02 /* Model.swift */,
				FB15E0E82D8D2972004D7F02 /* pokemons.json */,
				FB15E0ED2D8D2A8E004D7F02 /* PokemonListView.swift */,
				FB15E0F12D8D2DA1004D7F02 /* PokemonAvatar.swift */,
			);
			path = Pokedex;
			sourceTree = "<group>";
		};
		FB585BC02D88CCFE00685A76 = {
			isa = PBXGroup;
			children = (
				FB585BDF2D88CD3D00685A76 /* FirstAppSwiftUI */,
				FB585BCA2D88CCFE00685A76 /* Products */,
			);
			sourceTree = "<group>";
		};
		FB585BCA2D88CCFE00685A76 /* Products */ = {
			isa = PBXGroup;
			children = (
				FB585BC92D88CCFE00685A76 /* FirstAppSwiftUI.app */,
			);
			name = Products;
			sourceTree = "<group>";
		};
		FB585BDB2D88CD3D00685A76 /* Preview Content */ = {
			isa = PBXGroup;
			children = (
				FB585BDA2D88CD3D00685A76 /* Preview Assets.xcassets */,
			);
			path = "Preview Content";
			sourceTree = "<group>";
		};
		FB585BDF2D88CD3D00685A76 /* FirstAppSwiftUI */ = {
			isa = PBXGroup;
			children = (
				FBAE08742D8B0EC500568BF6 /* Info.plist */,
				FB585BDD2D88CD3D00685A76 /* ContentView.swift */,
				FB585BE42D89FA4700685A76 /* TextsView.swift */,
				FBAE08792D8B1C1900568BF6 /* ButtonsViews.swift */,
				FB15E0DC2D8C5AB8004D7F02 /* ButtonGirlCoding.swift */,
				FB15E0DE2D8C6644004D7F02 /* CustomButton.swift */,
				FB15E0E02D8C79B7004D7F02 /* JobsCard.swift */,
				FB15E0E22D8C8011004D7F02 /* TimCookCard.swift */,
				FB15E0E42D8C8049004D7F02 /* SectionScrollView.swift */,
				FB15E0E62D8D103F004D7F02 /* ComponentsView1.swift */,
				FBAE08772D8B122800568BF6 /* Fonts.swift */,
				FB585BDE2D88CD3D00685A76 /* FirstAppSwiftUIApp.swift */,
				FB15E0EC2D8D29C1004D7F02 /* Pokedex */,
				FB585BDC2D88CD3D00685A76 /* Assets.xcassets */,
				FBAE08752D8B11DA00568BF6 /* GameOfSquids.ttf */,
				FB585BDB2D88CD3D00685A76 /* Preview Content */,
			);
			path = FirstAppSwiftUI;
			sourceTree = "<group>";
		};
/* End PBXGroup section */

/* Begin PBXNativeTarget section */
		FB585BC82D88CCFE00685A76 /* FirstAppSwiftUI */ = {
			isa = PBXNativeTarget;
			buildConfigurationList = FB585BD72D88CD0400685A76 /* Build configuration list for PBXNativeTarget "FirstAppSwiftUI" */;
			buildPhases = (
				FB585BC52D88CCFE00685A76 /* Sources */,
				FB585BC62D88CCFE00685A76 /* Frameworks */,
				FB585BC72D88CCFE00685A76 /* Resources */,
			);
			buildRules = (
			);
			dependencies = (
			);
			name = FirstAppSwiftUI;
			packageProductDependencies = (
			);
			productName = FirstAppSwiftUI;
			productReference = FB585BC92D88CCFE00685A76 /* FirstAppSwiftUI.app */;
			productType = "com.apple.product-type.application";
		};
/* End PBXNativeTarget section */

/* Begin PBXProject section */
		FB585BC12D88CCFE00685A76 /* Project object */ = {
			isa = PBXProject;
			attributes = {
				BuildIndependentTargetsInParallel = 1;
				LastSwiftUpdateCheck = 1620;
				LastUpgradeCheck = 1620;
				TargetAttributes = {
					FB585BC82D88CCFE00685A76 = {
						CreatedOnToolsVersion = 16.2;
					};
				};
			};
			buildConfigurationList = FB585BC42D88CCFE00685A76 /* Build configuration list for PBXProject "FirstAppSwiftUI" */;
			developmentRegion = en;
			hasScannedForEncodings = 0;
			knownRegions = (
				en,
				Base,
			);
			mainGroup = FB585BC02D88CCFE00685A76;
			minimizedProjectReferenceProxies = 1;
			preferredProjectObjectVersion = 77;
			productRefGroup = FB585BCA2D88CCFE00685A76 /* Products */;
			projectDirPath = "";
			projectRoot = "";
			targets = (
				FB585BC82D88CCFE00685A76 /* FirstAppSwiftUI */,
			);
		};
/* End PBXProject section */

/* Begin PBXResourcesBuildPhase section */
		FB585BC72D88CCFE00685A76 /* Resources */ = {
			isa = PBXResourcesBuildPhase;
			buildActionMask = 2147483647;
			files = (
				FB585BE22D88CD3D00685A76 /* Preview Assets.xcassets in Resources */,
				FB15E0E92D8D2972004D7F02 /* pokemons.json in Resources */,
				FBAE08762D8B11DB00568BF6 /* GameOfSquids.ttf in Resources */,
				FB585BE32D88CD3D00685A76 /* Assets.xcassets in Resources */,
			);
			runOnlyForDeploymentPostprocessing = 0;
		};
/* End PBXResourcesBuildPhase section */

/* Begin PBXSourcesBuildPhase section */
		FB585BC52D88CCFE00685A76 /* Sources */ = {
			isa = PBXSourcesBuildPhase;
			buildActionMask = 2147483647;
			files = (
				FBAE08782D8B122800568BF6 /* Fonts.swift in Sources */,
				FB15E0E32D8C8011004D7F02 /* TimCookCard.swift in Sources */,
				FB15E0EE2D8D2A8E004D7F02 /* PokemonListView.swift in Sources */,
				FB15E0E12D8C79B7004D7F02 /* JobsCard.swift in Sources */,
				FB15E0F22D8D2DA1004D7F02 /* PokemonAvatar.swift in Sources */,
				FB15E0EB2D8D29AD004D7F02 /* Model.swift in Sources */,
				FB15E0F02D8D2C6B004D7F02 /* PokemonCell.swift in Sources */,
				FB585BE02D88CD3D00685A76 /* ContentView.swift in Sources */,
				FB585BE52D89FA4700685A76 /* TextsView.swift in Sources */,
				FB15E0DD2D8C5BD4004D7F02 /* ButtonGirlCoding.swift in Sources */,
				FB15E0DF2D8C6644004D7F02 /* CustomButton.swift in Sources */,
				FB15E0E52D8C8049004D7F02 /* SectionScrollView.swift in Sources */,
				FB15E0E72D8D103F004D7F02 /* ComponentsView1.swift in Sources */,
				FBAE087A2D8B1C1900568BF6 /* ButtonsViews.swift in Sources */,
				FB585BE12D88CD3D00685A76 /* FirstAppSwiftUIApp.swift in Sources */,
			);
			runOnlyForDeploymentPostprocessing = 0;
		};
/* End PBXSourcesBuildPhase section */

/* Begin XCBuildConfiguration section */
		FB585BD52D88CD0400685A76 /* Debug */ = {
			isa = XCBuildConfiguration;
			buildSettings = {
				ALWAYS_SEARCH_USER_PATHS = NO;
				ASSETCATALOG_COMPILER_GENERATE_SWIFT_ASSET_SYMBOL_EXTENSIONS = YES;
				CLANG_ANALYZER_NONNULL = YES;
				CLANG_ANALYZER_NUMBER_OBJECT_CONVERSION = YES_AGGRESSIVE;
				CLANG_CXX_LANGUAGE_STANDARD = "gnu++20";
				CLANG_ENABLE_MODULES = YES;
				CLANG_ENABLE_OBJC_ARC = YES;
				CLANG_ENABLE_OBJC_WEAK = YES;
				CLANG_WARN_BLOCK_CAPTURE_AUTORELEASING = YES;
				CLANG_WARN_BOOL_CONVERSION = YES;
				CLANG_WARN_COMMA = YES;
				CLANG_WARN_CONSTANT_CONVERSION = YES;
				CLANG_WARN_DEPRECATED_OBJC_IMPLEMENTATIONS = YES;
				CLANG_WARN_DIRECT_OBJC_ISA_USAGE = YES_ERROR;
				CLANG_WARN_DOCUMENTATION_COMMENTS = YES;
				CLANG_WARN_EMPTY_BODY = YES;
				CLANG_WARN_ENUM_CONVERSION = YES;
				CLANG_WARN_INFINITE_RECURSION = YES;
				CLANG_WARN_INT_CONVERSION = YES;
				CLANG_WARN_NON_LITERAL_NULL_CONVERSION = YES;
				CLANG_WARN_OBJC_IMPLICIT_RETAIN_SELF = YES;
				CLANG_WARN_OBJC_LITERAL_CONVERSION = YES;
				CLANG_WARN_OBJC_ROOT_CLASS = YES_ERROR;
				CLANG_WARN_QUOTED_INCLUDE_IN_FRAMEWORK_HEADER = YES;
				CLANG_WARN_RANGE_LOOP_ANALYSIS = YES;
				CLANG_WARN_STRICT_PROTOTYPES = YES;
				CLANG_WARN_SUSPICIOUS_MOVE = YES;
				CLANG_WARN_UNGUARDED_AVAILABILITY = YES_AGGRESSIVE;
				CLANG_WARN_UNREACHABLE_CODE = YES;
				CLANG_WARN__DUPLICATE_METHOD_MATCH = YES;
				COPY_PHASE_STRIP = NO;
				DEBUG_INFORMATION_FORMAT = dwarf;
				ENABLE_STRICT_OBJC_MSGSEND = YES;
				ENABLE_TESTABILITY = YES;
				ENABLE_USER_SCRIPT_SANDBOXING = YES;
				GCC_C_LANGUAGE_STANDARD = gnu17;
				GCC_DYNAMIC_NO_PIC = NO;
				GCC_NO_COMMON_BLOCKS = YES;
				GCC_OPTIMIZATION_LEVEL = 0;
				GCC_PREPROCESSOR_DEFINITIONS = (
					"DEBUG=1",
					"$(inherited)",
				);
				GCC_WARN_64_TO_32_BIT_CONVERSION = YES;
				GCC_WARN_ABOUT_RETURN_TYPE = YES_ERROR;
				GCC_WARN_UNDECLARED_SELECTOR = YES;
				GCC_WARN_UNINITIALIZED_AUTOS = YES_AGGRESSIVE;
				GCC_WARN_UNUSED_FUNCTION = YES;
				GCC_WARN_UNUSED_VARIABLE = YES;
				IPHONEOS_DEPLOYMENT_TARGET = 18.2;
				LOCALIZATION_PREFERS_STRING_CATALOGS = YES;
				MTL_ENABLE_DEBUG_INFO = INCLUDE_SOURCE;
				MTL_FAST_MATH = YES;
				ONLY_ACTIVE_ARCH = YES;
				SDKROOT = iphoneos;
				SWIFT_ACTIVE_COMPILATION_CONDITIONS = "DEBUG $(inherited)";
				SWIFT_OPTIMIZATION_LEVEL = "-Onone";
			};
			name = Debug;
		};
		FB585BD62D88CD0400685A76 /* Release */ = {
			isa = XCBuildConfiguration;
			buildSettings = {
				ALWAYS_SEARCH_USER_PATHS = NO;
				ASSETCATALOG_COMPILER_GENERATE_SWIFT_ASSET_SYMBOL_EXTENSIONS = YES;
				CLANG_ANALYZER_NONNULL = YES;
				CLANG_ANALYZER_NUMBER_OBJECT_CONVERSION = YES_AGGRESSIVE;
				CLANG_CXX_LANGUAGE_STANDARD = "gnu++20";
				CLANG_ENABLE_MODULES = YES;
				CLANG_ENABLE_OBJC_ARC = YES;
				CLANG_ENABLE_OBJC_WEAK = YES;
				CLANG_WARN_BLOCK_CAPTURE_AUTORELEASING = YES;
				CLANG_WARN_BOOL_CONVERSION = YES;
				CLANG_WARN_COMMA = YES;
				CLANG_WARN_CONSTANT_CONVERSION = YES;
				CLANG_WARN_DEPRECATED_OBJC_IMPLEMENTATIONS = YES;
				CLANG_WARN_DIRECT_OBJC_ISA_USAGE = YES_ERROR;
				CLANG_WARN_DOCUMENTATION_COMMENTS = YES;
				CLANG_WARN_EMPTY_BODY = YES;
				CLANG_WARN_ENUM_CONVERSION = YES;
				CLANG_WARN_INFINITE_RECURSION = YES;
				CLANG_WARN_INT_CONVERSION = YES;
				CLANG_WARN_NON_LITERAL_NULL_CONVERSION = YES;
				CLANG_WARN_OBJC_IMPLICIT_RETAIN_SELF = YES;
				CLANG_WARN_OBJC_LITERAL_CONVERSION = YES;
				CLANG_WARN_OBJC_ROOT_CLASS = YES_ERROR;
				CLANG_WARN_QUOTED_INCLUDE_IN_FRAMEWORK_HEADER = YES;
				CLANG_WARN_RANGE_LOOP_ANALYSIS = YES;
				CLANG_WARN_STRICT_PROTOTYPES = YES;
				CLANG_WARN_SUSPICIOUS_MOVE = YES;
				CLANG_WARN_UNGUARDED_AVAILABILITY = YES_AGGRESSIVE;
				CLANG_WARN_UNREACHABLE_CODE = YES;
				CLANG_WARN__DUPLICATE_METHOD_MATCH = YES;
				COPY_PHASE_STRIP = NO;
				DEBUG_INFORMATION_FORMAT = "dwarf-with-dsym";
				ENABLE_NS_ASSERTIONS = NO;
				ENABLE_STRICT_OBJC_MSGSEND = YES;
				ENABLE_USER_SCRIPT_SANDBOXING = YES;
				GCC_C_LANGUAGE_STANDARD = gnu17;
				GCC_NO_COMMON_BLOCKS = YES;
				GCC_WARN_64_TO_32_BIT_CONVERSION = YES;
				GCC_WARN_ABOUT_RETURN_TYPE = YES_ERROR;
				GCC_WARN_UNDECLARED_SELECTOR = YES;
				GCC_WARN_UNINITIALIZED_AUTOS = YES_AGGRESSIVE;
				GCC_WARN_UNUSED_FUNCTION = YES;
				GCC_WARN_UNUSED_VARIABLE = YES;
				IPHONEOS_DEPLOYMENT_TARGET = 18.2;
				LOCALIZATION_PREFERS_STRING_CATALOGS = YES;
				MTL_ENABLE_DEBUG_INFO = NO;
				MTL_FAST_MATH = YES;
				SDKROOT = iphoneos;
				SWIFT_COMPILATION_MODE = wholemodule;
				VALIDATE_PRODUCT = YES;
			};
			name = Release;
		};
		FB585BD82D88CD0400685A76 /* Debug */ = {
			isa = XCBuildConfiguration;
			buildSettings = {
				ASSETCATALOG_COMPILER_APPICON_NAME = AppIcon;
				ASSETCATALOG_COMPILER_GLOBAL_ACCENT_COLOR_NAME = AccentColor;
				CODE_SIGN_STYLE = Automatic;
				CURRENT_PROJECT_VERSION = 1;
				DEVELOPMENT_ASSET_PATHS = "\"FirstAppSwiftUI/Preview Content\"";
				DEVELOPMENT_TEAM = 7GRZBU3W5C;
				ENABLE_PREVIEWS = YES;
				GENERATE_INFOPLIST_FILE = YES;
				INFOPLIST_FILE = FirstAppSwiftUI/Info.plist;
				INFOPLIST_KEY_UIApplicationSceneManifest_Generation = YES;
				INFOPLIST_KEY_UIApplicationSupportsIndirectInputEvents = YES;
				INFOPLIST_KEY_UILaunchScreen_Generation = YES;
				INFOPLIST_KEY_UISupportedInterfaceOrientations_iPad = "UIInterfaceOrientationPortrait UIInterfaceOrientationPortraitUpsideDown UIInterfaceOrientationLandscapeLeft UIInterfaceOrientationLandscapeRight";
				INFOPLIST_KEY_UISupportedInterfaceOrientations_iPhone = "UIInterfaceOrientationPortrait UIInterfaceOrientationLandscapeLeft UIInterfaceOrientationLandscapeRight";
				LD_RUNPATH_SEARCH_PATHS = (
					"$(inherited)",
					"@executable_path/Frameworks",
				);
				MARKETING_VERSION = 1.0;
				PRODUCT_BUNDLE_IDENTIFIER = com.cxcarvaj.FirstAppSwiftUI;
				PRODUCT_NAME = "$(TARGET_NAME)";
				SWIFT_EMIT_LOC_STRINGS = YES;
				SWIFT_VERSION = 5.0;
				TARGETED_DEVICE_FAMILY = "1,2";
			};
			name = Debug;
		};
		FB585BD92D88CD0400685A76 /* Release */ = {
			isa = XCBuildConfiguration;
			buildSettings = {
				ASSETCATALOG_COMPILER_APPICON_NAME = AppIcon;
				ASSETCATALOG_COMPILER_GLOBAL_ACCENT_COLOR_NAME = AccentColor;
				CODE_SIGN_STYLE = Automatic;
				CURRENT_PROJECT_VERSION = 1;
				DEVELOPMENT_ASSET_PATHS = "\"FirstAppSwiftUI/Preview Content\"";
				DEVELOPMENT_TEAM = 7GRZBU3W5C;
				ENABLE_PREVIEWS = YES;
				GENERATE_INFOPLIST_FILE = YES;
				INFOPLIST_FILE = FirstAppSwiftUI/Info.plist;
				INFOPLIST_KEY_UIApplicationSceneManifest_Generation = YES;
				INFOPLIST_KEY_UIApplicationSupportsIndirectInputEvents = YES;
				INFOPLIST_KEY_UILaunchScreen_Generation = YES;
				INFOPLIST_KEY_UISupportedInterfaceOrientations_iPad = "UIInterfaceOrientationPortrait UIInterfaceOrientationPortraitUpsideDown UIInterfaceOrientationLandscapeLeft UIInterfaceOrientationLandscapeRight";
				INFOPLIST_KEY_UISupportedInterfaceOrientations_iPhone = "UIInterfaceOrientationPortrait UIInterfaceOrientationLandscapeLeft UIInterfaceOrientationLandscapeRight";
				LD_RUNPATH_SEARCH_PATHS = (
					"$(inherited)",
					"@executable_path/Frameworks",
				);
				MARKETING_VERSION = 1.0;
				PRODUCT_BUNDLE_IDENTIFIER = com.cxcarvaj.FirstAppSwiftUI;
				PRODUCT_NAME = "$(TARGET_NAME)";
				SWIFT_EMIT_LOC_STRINGS = YES;
				SWIFT_VERSION = 5.0;
				TARGETED_DEVICE_FAMILY = "1,2";
			};
			name = Release;
		};
/* End XCBuildConfiguration section */

/* Begin XCConfigurationList section */
		FB585BC42D88CCFE00685A76 /* Build configuration list for PBXProject "FirstAppSwiftUI" */ = {
			isa = XCConfigurationList;
			buildConfigurations = (
				FB585BD52D88CD0400685A76 /* Debug */,
				FB585BD62D88CD0400685A76 /* Release */,
			);
			defaultConfigurationIsVisible = 0;
			defaultConfigurationName = Release;
		};
		FB585BD72D88CD0400685A76 /* Build configuration list for PBXNativeTarget "FirstAppSwiftUI" */ = {
			isa = XCConfigurationList;
			buildConfigurations = (
				FB585BD82D88CD0400685A76 /* Debug */,
				FB585BD92D88CD0400685A76 /* Release */,
			);
			defaultConfigurationIsVisible = 0;
			defaultConfigurationName = Release;
		};
/* End XCConfigurationList section */
	};
	rootObject = FB585BC12D88CCFE00685A76 /* Project object */;
}
